
Microsoft Visual Studio Solution File, Format Version 12.00
Project("{FAE04EC0-301F-11D3-BF4B-00C04F79EFBC}") = "Console.Playground", "Console.Playground\Console.Playground.csproj", "{D1F8646D-77FD-40A3-A00C-D2DB67ED9589}"
EndProject
Project("{FAE04EC0-301F-11D3-BF4B-00C04F79EFBC}") = "LangExt.Extensions", "LangExt.Extensions\LangExt.Extensions.csproj", "{52306977-C17B-4B1B-ABEE-9271A4A969F2}"
EndProject
Global
	GlobalSection(SolutionConfigurationPlatforms) = preSolution
		Debug|Any CPU = Debug|Any CPU
		Release|Any CPU = Release|Any CPU
	EndGlobalSection
	GlobalSection(ProjectConfigurationPlatforms) = postSolution
		{D1F8646D-77FD-40A3-A00C-D2DB67ED9589}.Debug|Any CPU.ActiveCfg = Debug|Any CPU
		{D1F8646D-77FD-40A3-A00C-D2DB67ED9589}.Debug|Any CPU.Build.0 = Debug|Any CPU
		{D1F8646D-77FD-40A3-A00C-D2DB67ED9589}.Release|Any CPU.ActiveCfg = Release|Any CPU
		{D1F8646D-77FD-40A3-A00C-D2DB67ED9589}.Release|Any CPU.Build.0 = Release|Any CPU
		{52306977-C17B-4B1B-ABEE-9271A4A969F2}.Debug|Any CPU.ActiveCfg = Debug|Any CPU
		{52306977-C17B-4B1B-ABEE-9271A4A969F2}.Debug|Any CPU.Build.0 = Debug|Any CPU
		{52306977-C17B-4B1B-ABEE-9271A4A969F2}.Release|Any CPU.ActiveCfg = Release|Any CPU
		{52306977-C17B-4B1B-ABEE-9271A4A969F2}.Release|Any CPU.Build.0 = Release|Any CPU
	EndGlobalSection
EndGlobal
